
Microsoft Visual Studio Solution File, Format Version 12.00
# Visual Studio Version 17
VisualStudioVersion = 17.13.35828.75 d17.13
MinimumVisualStudioVersion = 10.0.40219.1
Project("{8BC9CEB8-8B4A-11D0-8D11-00A0C91BC942}") = "GamePong", "GamePong\GamePong.vcxproj", "{D59C20A2-3E24-4F34-B3B5-D23DDBEB398F}"
EndProject
Global
	GlobalSection(SolutionConfigurationPlatforms) = preSolution
		Debug|x64 = Debug|x64
		Debug|x86 = Debug|x86
		Release|x64 = Release|x64
		Release|x86 = Release|x86
	EndGlobalSection
	GlobalSection(ProjectConfigurationPlatforms) = postSolution
		{D59C20A2-3E24-4F34-B3B5-D23DDBEB398F}.Debug|x64.ActiveCfg = Debug|x64
		{D59C20A2-3E24-4F34-B3B5-D23DDBEB398F}.Debug|x64.Build.0 = Debug|x64
		{D59C20A2-3E24-4F34-B3B5-D23DDBEB398F}.Debug|x86.ActiveCfg = Debug|Win32
		{D59C20A2-3E24-4F34-B3B5-D23DDBEB398F}.Debug|x86.Build.0 = Debug|Win32
		{D59C20A2-3E24-4F34-B3B5-D23DDBEB398F}.Release|x64.ActiveCfg = Release|x64
		{D59C20A2-3E24-4F34-B3B5-D23DDBEB398F}.Release|x64.Build.0 = Release|x64
		{D59C20A2-3E24-4F34-B3B5-D23DDBEB398F}.Release|x86.ActiveCfg = Release|Win32
		{D59C20A2-3E24-4F34-B3B5-D23DDBEB398F}.Release|x86.Build.0 = Release|Win32
	EndGlobalSection
	GlobalSection(SolutionProperties) = preSolution
		HideSolutionNode = FALSE
	EndGlobalSection
	GlobalSection(ExtensibilityGlobals) = postSolution
		SolutionGuid = {7FD7887E-0925-4E97-86D0-CA45F67CF630}
	EndGlobalSection
EndGlobal
